
Microsoft Visual Studio Solution File, Format Version 12.00
# Visual Studio Version 16
VisualStudioVersion = 16.0.31624.102
MinimumVisualStudioVersion = 10.0.40219.1
Project("{FAE04EC0-301F-11D3-BF4B-00C04F79EFBC}") = "WebApplication_Wakacje", "WebApplication_Wakacje\WebApplication_Wakacje.csproj", "{74ABC928-0CD8-42A4-AF73-F6FA7C4A4812}"
EndProject
Global
	GlobalSection(SolutionConfigurationPlatforms) = preSolution
		Debug|Any CPU = Debug|Any CPU
		Release|Any CPU = Release|Any CPU
	EndGlobalSection
	GlobalSection(ProjectConfigurationPlatforms) = postSolution
		{74ABC928-0CD8-42A4-AF73-F6FA7C4A4812}.Debug|Any CPU.ActiveCfg = Debug|Any CPU
		{74ABC928-0CD8-42A4-AF73-F6FA7C4A4812}.Debug|Any CPU.Build.0 = Debug|Any CPU
		{74ABC928-0CD8-42A4-AF73-F6FA7C4A4812}.Release|Any CPU.ActiveCfg = Release|Any CPU
		{74ABC928-0CD8-42A4-AF73-F6FA7C4A4812}.Release|Any CPU.Build.0 = Release|Any CPU
	EndGlobalSection
	GlobalSection(SolutionProperties) = preSolution
		HideSolutionNode = FALSE
	EndGlobalSection
	GlobalSection(ExtensibilityGlobals) = postSolution
		SolutionGuid = {BEBCBC22-A3C0-422E-9C13-6B286FCDB94A}
	EndGlobalSection
EndGlobal
