
Microsoft Visual Studio Solution File, Format Version 12.00
# Visual Studio Version 16
VisualStudioVersion = 16.0.32002.261
MinimumVisualStudioVersion = 10.0.40219.1
Project("{FAE04EC0-301F-11D3-BF4B-00C04F79EFBC}") = "ConsoleSqLite1_gim", "ConsoleSqLite1_gim\ConsoleSqLite1_gim.csproj", "{0D58A626-B88E-432D-AAE0-17D1B5991023}"
EndProject
Global
	GlobalSection(SolutionConfigurationPlatforms) = preSolution
		Debug|Any CPU = Debug|Any CPU
		Release|Any CPU = Release|Any CPU
	EndGlobalSection
	GlobalSection(ProjectConfigurationPlatforms) = postSolution
		{0D58A626-B88E-432D-AAE0-17D1B5991023}.Debug|Any CPU.ActiveCfg = Debug|Any CPU
		{0D58A626-B88E-432D-AAE0-17D1B5991023}.Debug|Any CPU.Build.0 = Debug|Any CPU
		{0D58A626-B88E-432D-AAE0-17D1B5991023}.Release|Any CPU.ActiveCfg = Release|Any CPU
		{0D58A626-B88E-432D-AAE0-17D1B5991023}.Release|Any CPU.Build.0 = Release|Any CPU
	EndGlobalSection
	GlobalSection(SolutionProperties) = preSolution
		HideSolutionNode = FALSE
	EndGlobalSection
	GlobalSection(ExtensibilityGlobals) = postSolution
		SolutionGuid = {627D6FF7-CA0F-4F94-B355-737A0BD05218}
	EndGlobalSection
EndGlobal
