
Microsoft Visual Studio Solution File, Format Version 12.00
# Visual Studio Version 16
VisualStudioVersion = 16.0.30413.136
MinimumVisualStudioVersion = 10.0.40219.1
Project("{FAE04EC0-301F-11D3-BF4B-00C04F79EFBC}") = "CConsoleApp2_KSZ", "CConsoleApp2_KSZ\CConsoleApp2_KSZ.csproj", "{07FA49E2-1237-4F18-B1CE-6E85169AE576}"
EndProject
Global
	GlobalSection(SolutionConfigurationPlatforms) = preSolution
		Debug|Any CPU = Debug|Any CPU
		Release|Any CPU = Release|Any CPU
	EndGlobalSection
	GlobalSection(ProjectConfigurationPlatforms) = postSolution
		{07FA49E2-1237-4F18-B1CE-6E85169AE576}.Debug|Any CPU.ActiveCfg = Debug|Any CPU
		{07FA49E2-1237-4F18-B1CE-6E85169AE576}.Debug|Any CPU.Build.0 = Debug|Any CPU
		{07FA49E2-1237-4F18-B1CE-6E85169AE576}.Release|Any CPU.ActiveCfg = Release|Any CPU
		{07FA49E2-1237-4F18-B1CE-6E85169AE576}.Release|Any CPU.Build.0 = Release|Any CPU
	EndGlobalSection
	GlobalSection(SolutionProperties) = preSolution
		HideSolutionNode = FALSE
	EndGlobalSection
	GlobalSection(ExtensibilityGlobals) = postSolution
		SolutionGuid = {A822DC3E-C602-4FA0-A6FE-F311C9E99DB7}
	EndGlobalSection
EndGlobal
