
Microsoft Visual Studio Solution File, Format Version 12.00
# Visual Studio Version 16
VisualStudioVersion = 16.0.31321.278
MinimumVisualStudioVersion = 10.0.40219.1
Project("{FAE04EC0-301F-11D3-BF4B-00C04F79EFBC}") = "WebAppWindFormsZadanie", "WebAppWindFormsZadanie\WebAppWindFormsZadanie.csproj", "{74340F5E-3C33-489E-8D75-AC99E5206ECC}"
EndProject
Global
	GlobalSection(SolutionConfigurationPlatforms) = preSolution
		Debug|Any CPU = Debug|Any CPU
		Release|Any CPU = Release|Any CPU
	EndGlobalSection
	GlobalSection(ProjectConfigurationPlatforms) = postSolution
		{74340F5E-3C33-489E-8D75-AC99E5206ECC}.Debug|Any CPU.ActiveCfg = Debug|Any CPU
		{74340F5E-3C33-489E-8D75-AC99E5206ECC}.Debug|Any CPU.Build.0 = Debug|Any CPU
		{74340F5E-3C33-489E-8D75-AC99E5206ECC}.Release|Any CPU.ActiveCfg = Release|Any CPU
		{74340F5E-3C33-489E-8D75-AC99E5206ECC}.Release|Any CPU.Build.0 = Release|Any CPU
	EndGlobalSection
	GlobalSection(SolutionProperties) = preSolution
		HideSolutionNode = FALSE
	EndGlobalSection
	GlobalSection(ExtensibilityGlobals) = postSolution
		SolutionGuid = {F223BA4B-FF6F-462E-B991-6495C20233A3}
	EndGlobalSection
EndGlobal
