
Microsoft Visual Studio Solution File, Format Version 12.00
# Visual Studio Version 16
VisualStudioVersion = 16.0.31624.102
MinimumVisualStudioVersion = 10.0.40219.1
Project("{FAE04EC0-301F-11D3-BF4B-00C04F79EFBC}") = "WinFormsFramework_gim", "WinFormsFramework_gim.csproj", "{3BB63E92-ECB4-4E97-B370-7481A8BF4628}"
EndProject
Global
	GlobalSection(SolutionConfigurationPlatforms) = preSolution
		Debug|Any CPU = Debug|Any CPU
		Release|Any CPU = Release|Any CPU
	EndGlobalSection
	GlobalSection(ProjectConfigurationPlatforms) = postSolution
		{3BB63E92-ECB4-4E97-B370-7481A8BF4628}.Debug|Any CPU.ActiveCfg = Debug|Any CPU
		{3BB63E92-ECB4-4E97-B370-7481A8BF4628}.Debug|Any CPU.Build.0 = Debug|Any CPU
		{3BB63E92-ECB4-4E97-B370-7481A8BF4628}.Release|Any CPU.ActiveCfg = Release|Any CPU
		{3BB63E92-ECB4-4E97-B370-7481A8BF4628}.Release|Any CPU.Build.0 = Release|Any CPU
	EndGlobalSection
	GlobalSection(SolutionProperties) = preSolution
		HideSolutionNode = FALSE
	EndGlobalSection
	GlobalSection(ExtensibilityGlobals) = postSolution
		SolutionGuid = {C1053F5C-ED09-4138-87C2-4477A3673614}
	EndGlobalSection
EndGlobal
