
Microsoft Visual Studio Solution File, Format Version 12.00
# Visual Studio Version 16
VisualStudioVersion = 16.0.30413.136
MinimumVisualStudioVersion = 10.0.40219.1
Project("{9A19103F-16F7-4668-BE54-9A1E7A4F7556}") = "First2TIP_G_09_2020_KSZ", "First2TIP_G_09_2020_KSZ\First2TIP_G_09_2020_KSZ.csproj", "{F9E882D2-F93A-4720-88BA-3B39EA0CA393}"
EndProject
Global
	GlobalSection(SolutionConfigurationPlatforms) = preSolution
		Debug|Any CPU = Debug|Any CPU
		Release|Any CPU = Release|Any CPU
	EndGlobalSection
	GlobalSection(ProjectConfigurationPlatforms) = postSolution
		{F9E882D2-F93A-4720-88BA-3B39EA0CA393}.Debug|Any CPU.ActiveCfg = Debug|Any CPU
		{F9E882D2-F93A-4720-88BA-3B39EA0CA393}.Debug|Any CPU.Build.0 = Debug|Any CPU
		{F9E882D2-F93A-4720-88BA-3B39EA0CA393}.Release|Any CPU.ActiveCfg = Release|Any CPU
		{F9E882D2-F93A-4720-88BA-3B39EA0CA393}.Release|Any CPU.Build.0 = Release|Any CPU
	EndGlobalSection
	GlobalSection(SolutionProperties) = preSolution
		HideSolutionNode = FALSE
	EndGlobalSection
	GlobalSection(ExtensibilityGlobals) = postSolution
		SolutionGuid = {380E78D2-E07C-47CA-B188-6E56EB5584C2}
	EndGlobalSection
EndGlobal
